
Microsoft Visual Studio Solution File, Format Version 12.00
# Visual Studio Version 17
VisualStudioVersion = 17.7.34024.191
MinimumVisualStudioVersion = 10.0.40219.1
Project("{FAE04EC0-301F-11D3-BF4B-00C04F79EFBC}") = "Assigment 41 Exceptions", "Assigment 41 Exceptions\Assigment 41 Exceptions.csproj", "{752419D3-4ADB-4A94-83B1-9B69FFD24476}"
EndProject
Global
	GlobalSection(SolutionConfigurationPlatforms) = preSolution
		Debug|Any CPU = Debug|Any CPU
		Release|Any CPU = Release|Any CPU
	EndGlobalSection
	GlobalSection(ProjectConfigurationPlatforms) = postSolution
		{752419D3-4ADB-4A94-83B1-9B69FFD24476}.Debug|Any CPU.ActiveCfg = Debug|Any CPU
		{752419D3-4ADB-4A94-83B1-9B69FFD24476}.Debug|Any CPU.Build.0 = Debug|Any CPU
		{752419D3-4ADB-4A94-83B1-9B69FFD24476}.Release|Any CPU.ActiveCfg = Release|Any CPU
		{752419D3-4ADB-4A94-83B1-9B69FFD24476}.Release|Any CPU.Build.0 = Release|Any CPU
	EndGlobalSection
	GlobalSection(SolutionProperties) = preSolution
		HideSolutionNode = FALSE
	EndGlobalSection
	GlobalSection(ExtensibilityGlobals) = postSolution
		SolutionGuid = {DCD0921E-E094-4FCD-B6D1-B6466327941A}
	EndGlobalSection
EndGlobal
